// !$*UTF8*$!
{
	archiveVersion = 1;
	classes = {
	};
	objectVersion = 56;
	objects = {

/* Begin PBXBuildFile section */
		BD10EBD52CAB561F0015967F /* ErrorBanner.swift in Sources */ = {isa = PBXBuildFile; fileRef = BD10EBD42CAB561F0015967F /* ErrorBanner.swift */; };
		BD7061DE2CA37C1400A7E0E0 /* UserState.swift in Sources */ = {isa = PBXBuildFile; fileRef = BD7061DD2CA37C1400A7E0E0 /* UserState.swift */; };
		BD7061E02CA37C7900A7E0E0 /* ProgramView.swift in Sources */ = {isa = PBXBuildFile; fileRef = BD7061DF2CA37C7900A7E0E0 /* ProgramView.swift */; };
		BD7061E22CA609E300A7E0E0 /* ProgramTabView.swift in Sources */ = {isa = PBXBuildFile; fileRef = BD7061E12CA609E300A7E0E0 /* ProgramTabView.swift */; };
		BD7061E42CA60A1D00A7E0E0 /* WorkoutsView.swift in Sources */ = {isa = PBXBuildFile; fileRef = BD7061E32CA60A1D00A7E0E0 /* WorkoutsView.swift */; };
		BD7061E62CA60A2800A7E0E0 /* WeightsView.swift in Sources */ = {isa = PBXBuildFile; fileRef = BD7061E52CA60A2800A7E0E0 /* WeightsView.swift */; };
		BD7061E82CA60A3600A7E0E0 /* SetsRepsView.swift in Sources */ = {isa = PBXBuildFile; fileRef = BD7061E72CA60A3600A7E0E0 /* SetsRepsView.swift */; };
		BD923AEC2C91EF41003C3796 /* flex_workout_appApp.swift in Sources */ = {isa = PBXBuildFile; fileRef = BD923AEB2C91EF41003C3796 /* flex_workout_appApp.swift */; };
		BD923AEE2C91EF41003C3796 /* MainView.swift in Sources */ = {isa = PBXBuildFile; fileRef = BD923AED2C91EF41003C3796 /* MainView.swift */; };
		BD923AF02C91EF42003C3796 /* Assets.xcassets in Resources */ = {isa = PBXBuildFile; fileRef = BD923AEF2C91EF42003C3796 /* Assets.xcassets */; };
		BD923AF32C91EF42003C3796 /* Preview Assets.xcassets in Resources */ = {isa = PBXBuildFile; fileRef = BD923AF22C91EF42003C3796 /* Preview Assets.xcassets */; };
		BD923B072C921C41003C3796 /* FirebaseAnalytics in Frameworks */ = {isa = PBXBuildFile; productRef = BD923B062C921C41003C3796 /* FirebaseAnalytics */; };
		BD923B092C921C41003C3796 /* FirebaseAnalyticsOnDeviceConversion in Frameworks */ = {isa = PBXBuildFile; productRef = BD923B082C921C41003C3796 /* FirebaseAnalyticsOnDeviceConversion */; };
		BD923B0B2C921C41003C3796 /* FirebaseAnalyticsWithoutAdIdSupport in Frameworks */ = {isa = PBXBuildFile; productRef = BD923B0A2C921C41003C3796 /* FirebaseAnalyticsWithoutAdIdSupport */; };
		BD923B0D2C921C41003C3796 /* FirebaseAppCheck in Frameworks */ = {isa = PBXBuildFile; productRef = BD923B0C2C921C41003C3796 /* FirebaseAppCheck */; };
		BD923B0F2C921C41003C3796 /* FirebaseAppDistribution-Beta in Frameworks */ = {isa = PBXBuildFile; productRef = BD923B0E2C921C41003C3796 /* FirebaseAppDistribution-Beta */; };
		BD923B112C921C41003C3796 /* FirebaseAuth in Frameworks */ = {isa = PBXBuildFile; productRef = BD923B102C921C41003C3796 /* FirebaseAuth */; };
		BD923B132C921C41003C3796 /* FirebaseAuthCombine-Community in Frameworks */ = {isa = PBXBuildFile; productRef = BD923B122C921C41003C3796 /* FirebaseAuthCombine-Community */; };
		BD923B152C921C41003C3796 /* FirebaseCrashlytics in Frameworks */ = {isa = PBXBuildFile; productRef = BD923B142C921C41003C3796 /* FirebaseCrashlytics */; };
		BD923B172C921C41003C3796 /* FirebaseDatabase in Frameworks */ = {isa = PBXBuildFile; productRef = BD923B162C921C41003C3796 /* FirebaseDatabase */; };
		BD923B192C921C41003C3796 /* FirebaseDynamicLinks in Frameworks */ = {isa = PBXBuildFile; productRef = BD923B182C921C41003C3796 /* FirebaseDynamicLinks */; };
		BD923B1B2C921C41003C3796 /* FirebaseFirestore in Frameworks */ = {isa = PBXBuildFile; productRef = BD923B1A2C921C41003C3796 /* FirebaseFirestore */; };
		BD923B1D2C921C41003C3796 /* FirebaseFirestoreCombine-Community in Frameworks */ = {isa = PBXBuildFile; productRef = BD923B1C2C921C41003C3796 /* FirebaseFirestoreCombine-Community */; };
		BD923B1F2C921C41003C3796 /* FirebaseFunctions in Frameworks */ = {isa = PBXBuildFile; productRef = BD923B1E2C921C41003C3796 /* FirebaseFunctions */; };
		BD923B212C921C41003C3796 /* FirebaseFunctionsCombine-Community in Frameworks */ = {isa = PBXBuildFile; productRef = BD923B202C921C41003C3796 /* FirebaseFunctionsCombine-Community */; };
		BD923B232C921C41003C3796 /* FirebaseInAppMessaging-Beta in Frameworks */ = {isa = PBXBuildFile; productRef = BD923B222C921C41003C3796 /* FirebaseInAppMessaging-Beta */; };
		BD923B252C921C41003C3796 /* FirebaseInstallations in Frameworks */ = {isa = PBXBuildFile; productRef = BD923B242C921C41003C3796 /* FirebaseInstallations */; };
		BD923B272C921C41003C3796 /* FirebaseMLModelDownloader in Frameworks */ = {isa = PBXBuildFile; productRef = BD923B262C921C41003C3796 /* FirebaseMLModelDownloader */; };
		BD923B292C921C41003C3796 /* FirebaseMessaging in Frameworks */ = {isa = PBXBuildFile; productRef = BD923B282C921C41003C3796 /* FirebaseMessaging */; };
		BD923B2B2C921C41003C3796 /* FirebasePerformance in Frameworks */ = {isa = PBXBuildFile; productRef = BD923B2A2C921C41003C3796 /* FirebasePerformance */; };
		BD923B2D2C921C41003C3796 /* FirebaseRemoteConfig in Frameworks */ = {isa = PBXBuildFile; productRef = BD923B2C2C921C41003C3796 /* FirebaseRemoteConfig */; };
		BD923B2F2C921C41003C3796 /* FirebaseStorage in Frameworks */ = {isa = PBXBuildFile; productRef = BD923B2E2C921C41003C3796 /* FirebaseStorage */; };
		BD923B312C921C41003C3796 /* FirebaseStorageCombine-Community in Frameworks */ = {isa = PBXBuildFile; productRef = BD923B302C921C41003C3796 /* FirebaseStorageCombine-Community */; };
		BD923B332C921C41003C3796 /* FirebaseVertexAI-Preview in Frameworks */ = {isa = PBXBuildFile; productRef = BD923B322C921C41003C3796 /* FirebaseVertexAI-Preview */; };
		BD923B392C9222F7003C3796 /* HomeView.swift in Sources */ = {isa = PBXBuildFile; fileRef = BD923B382C9222F7003C3796 /* HomeView.swift */; };
		BD923B3B2C9225F7003C3796 /* User.swift in Sources */ = {isa = PBXBuildFile; fileRef = BD923B3A2C9225F7003C3796 /* User.swift */; };
		BD923B3D2C922667003C3796 /* MainViewModel.swift in Sources */ = {isa = PBXBuildFile; fileRef = BD923B3C2C922667003C3796 /* MainViewModel.swift */; };
		BD923B3F2C9226BE003C3796 /* HomeViewModel.swift in Sources */ = {isa = PBXBuildFile; fileRef = BD923B3E2C9226BE003C3796 /* HomeViewModel.swift */; };
		BD923B412C9226D8003C3796 /* ProfileView.swift in Sources */ = {isa = PBXBuildFile; fileRef = BD923B402C9226D8003C3796 /* ProfileView.swift */; };
		BD923B432C9226EE003C3796 /* LoginView.swift in Sources */ = {isa = PBXBuildFile; fileRef = BD923B422C9226EE003C3796 /* LoginView.swift */; };
		BD923B472C9228B0003C3796 /* Helper.swift in Sources */ = {isa = PBXBuildFile; fileRef = BD923B462C9228B0003C3796 /* Helper.swift */; };
		BD923B492C922F2F003C3796 /* RegisterView.swift in Sources */ = {isa = PBXBuildFile; fileRef = BD923B482C922F2F003C3796 /* RegisterView.swift */; };
		BD923B512C9254AA003C3796 /* WorkoutCardView.swift in Sources */ = {isa = PBXBuildFile; fileRef = BD923B502C9254AA003C3796 /* WorkoutCardView.swift */; };
		BD923B532C9262AE003C3796 /* InWorkoutView.swift in Sources */ = {isa = PBXBuildFile; fileRef = BD923B522C9262AE003C3796 /* InWorkoutView.swift */; };
		BD923B552C9262BB003C3796 /* InWorkoutViewModel.swift in Sources */ = {isa = PBXBuildFile; fileRef = BD923B542C9262BB003C3796 /* InWorkoutViewModel.swift */; };
		BD923B572C936914003C3796 /* SingleExerciseRowView.swift in Sources */ = {isa = PBXBuildFile; fileRef = BD923B562C936914003C3796 /* SingleExerciseRowView.swift */; };
		BD923B612C93853D003C3796 /* DataTypes.swift in Sources */ = {isa = PBXBuildFile; fileRef = BD923B602C93853D003C3796 /* DataTypes.swift */; };
		BD923B632C938E1B003C3796 /* DefaultData.swift in Sources */ = {isa = PBXBuildFile; fileRef = BD923B622C938E1B003C3796 /* DefaultData.swift */; };
		BD94158D2C9F7581003C5045 /* Auth in Frameworks */ = {isa = PBXBuildFile; productRef = BD94158C2C9F7581003C5045 /* Auth */; };
		BD94158F2C9F7581003C5045 /* Functions in Frameworks */ = {isa = PBXBuildFile; productRef = BD94158E2C9F7581003C5045 /* Functions */; };
		BD9415912C9F7581003C5045 /* PostgREST in Frameworks */ = {isa = PBXBuildFile; productRef = BD9415902C9F7581003C5045 /* PostgREST */; };
		BD9415932C9F7581003C5045 /* Realtime in Frameworks */ = {isa = PBXBuildFile; productRef = BD9415922C9F7581003C5045 /* Realtime */; };
		BD9415952C9F7581003C5045 /* Storage in Frameworks */ = {isa = PBXBuildFile; productRef = BD9415942C9F7581003C5045 /* Storage */; };
		BD9415972C9F7D38003C5045 /* Secrets.swift in Sources */ = {isa = PBXBuildFile; fileRef = BD9415962C9F7D38003C5045 /* Secrets.swift */; };
		BDCE52752C9E845900EFC859 /* EditExerciseView.swift in Sources */ = {isa = PBXBuildFile; fileRef = BDCE52742C9E845900EFC859 /* EditExerciseView.swift */; };
		BDCE52772C9E846200EFC859 /* EditExerciseViewModel.swift in Sources */ = {isa = PBXBuildFile; fileRef = BDCE52762C9E846200EFC859 /* EditExerciseViewModel.swift */; };
		BDF064512CA0EEF200EFEF72 /* TableStructs.swift in Sources */ = {isa = PBXBuildFile; fileRef = BDF064502CA0EEF200EFEF72 /* TableStructs.swift */; };
		BDF064542CA0F2BF00EFEF72 /* Supabase in Frameworks */ = {isa = PBXBuildFile; productRef = BDF064532CA0F2BF00EFEF72 /* Supabase */; };
		BDF064562CA0F83F00EFEF72 /* AuthenticationViewModel.swift in Sources */ = {isa = PBXBuildFile; fileRef = BDF064552CA0F83F00EFEF72 /* AuthenticationViewModel.swift */; };
		BDF27E5E2CA881DA007FCEEF /* WorkoutTemplates.swift in Sources */ = {isa = PBXBuildFile; fileRef = BDF27E5D2CA881DA007FCEEF /* WorkoutTemplates.swift */; };
/* End PBXBuildFile section */

/* Begin PBXFileReference section */
		BD10EBD42CAB561F0015967F /* ErrorBanner.swift */ = {isa = PBXFileReference; lastKnownFileType = sourcecode.swift; path = ErrorBanner.swift; sourceTree = "<group>"; };
		BD7061DD2CA37C1400A7E0E0 /* UserState.swift */ = {isa = PBXFileReference; lastKnownFileType = sourcecode.swift; path = UserState.swift; sourceTree = "<group>"; };
		BD7061DF2CA37C7900A7E0E0 /* ProgramView.swift */ = {isa = PBXFileReference; lastKnownFileType = sourcecode.swift; path = ProgramView.swift; sourceTree = "<group>"; };
		BD7061E12CA609E300A7E0E0 /* ProgramTabView.swift */ = {isa = PBXFileReference; lastKnownFileType = sourcecode.swift; path = ProgramTabView.swift; sourceTree = "<group>"; };
		BD7061E32CA60A1D00A7E0E0 /* WorkoutsView.swift */ = {isa = PBXFileReference; lastKnownFileType = sourcecode.swift; path = WorkoutsView.swift; sourceTree = "<group>"; };
		BD7061E52CA60A2800A7E0E0 /* WeightsView.swift */ = {isa = PBXFileReference; lastKnownFileType = sourcecode.swift; path = WeightsView.swift; sourceTree = "<group>"; };
		BD7061E72CA60A3600A7E0E0 /* SetsRepsView.swift */ = {isa = PBXFileReference; lastKnownFileType = sourcecode.swift; path = SetsRepsView.swift; sourceTree = "<group>"; };
		BD923AE82C91EF41003C3796 /* flex_workout_app.app */ = {isa = PBXFileReference; explicitFileType = wrapper.application; includeInIndex = 0; path = flex_workout_app.app; sourceTree = BUILT_PRODUCTS_DIR; };
		BD923AEB2C91EF41003C3796 /* flex_workout_appApp.swift */ = {isa = PBXFileReference; lastKnownFileType = sourcecode.swift; path = flex_workout_appApp.swift; sourceTree = "<group>"; };
		BD923AED2C91EF41003C3796 /* MainView.swift */ = {isa = PBXFileReference; lastKnownFileType = sourcecode.swift; path = MainView.swift; sourceTree = "<group>"; };
		BD923AEF2C91EF42003C3796 /* Assets.xcassets */ = {isa = PBXFileReference; lastKnownFileType = folder.assetcatalog; path = Assets.xcassets; sourceTree = "<group>"; };
		BD923AF22C91EF42003C3796 /* Preview Assets.xcassets */ = {isa = PBXFileReference; lastKnownFileType = folder.assetcatalog; path = "Preview Assets.xcassets"; sourceTree = "<group>"; };
		BD923B382C9222F7003C3796 /* HomeView.swift */ = {isa = PBXFileReference; lastKnownFileType = sourcecode.swift; path = HomeView.swift; sourceTree = "<group>"; };
		BD923B3A2C9225F7003C3796 /* User.swift */ = {isa = PBXFileReference; lastKnownFileType = sourcecode.swift; path = User.swift; sourceTree = "<group>"; };
		BD923B3C2C922667003C3796 /* MainViewModel.swift */ = {isa = PBXFileReference; lastKnownFileType = sourcecode.swift; path = MainViewModel.swift; sourceTree = "<group>"; };
		BD923B3E2C9226BE003C3796 /* HomeViewModel.swift */ = {isa = PBXFileReference; lastKnownFileType = sourcecode.swift; path = HomeViewModel.swift; sourceTree = "<group>"; };
		BD923B402C9226D8003C3796 /* ProfileView.swift */ = {isa = PBXFileReference; lastKnownFileType = sourcecode.swift; path = ProfileView.swift; sourceTree = "<group>"; };
		BD923B422C9226EE003C3796 /* LoginView.swift */ = {isa = PBXFileReference; lastKnownFileType = sourcecode.swift; path = LoginView.swift; sourceTree = "<group>"; };
		BD923B462C9228B0003C3796 /* Helper.swift */ = {isa = PBXFileReference; lastKnownFileType = sourcecode.swift; path = Helper.swift; sourceTree = "<group>"; };
		BD923B482C922F2F003C3796 /* RegisterView.swift */ = {isa = PBXFileReference; lastKnownFileType = sourcecode.swift; path = RegisterView.swift; sourceTree = "<group>"; };
		BD923B502C9254AA003C3796 /* WorkoutCardView.swift */ = {isa = PBXFileReference; lastKnownFileType = sourcecode.swift; path = WorkoutCardView.swift; sourceTree = "<group>"; };
		BD923B522C9262AE003C3796 /* InWorkoutView.swift */ = {isa = PBXFileReference; lastKnownFileType = sourcecode.swift; path = InWorkoutView.swift; sourceTree = "<group>"; };
		BD923B542C9262BB003C3796 /* InWorkoutViewModel.swift */ = {isa = PBXFileReference; lastKnownFileType = sourcecode.swift; path = InWorkoutViewModel.swift; sourceTree = "<group>"; };
		BD923B562C936914003C3796 /* SingleExerciseRowView.swift */ = {isa = PBXFileReference; lastKnownFileType = sourcecode.swift; path = SingleExerciseRowView.swift; sourceTree = "<group>"; };
		BD923B602C93853D003C3796 /* DataTypes.swift */ = {isa = PBXFileReference; lastKnownFileType = sourcecode.swift; path = DataTypes.swift; sourceTree = "<group>"; };
		BD923B622C938E1B003C3796 /* DefaultData.swift */ = {isa = PBXFileReference; lastKnownFileType = sourcecode.swift; path = DefaultData.swift; sourceTree = "<group>"; };
		BD9415962C9F7D38003C5045 /* Secrets.swift */ = {isa = PBXFileReference; lastKnownFileType = sourcecode.swift; path = Secrets.swift; sourceTree = "<group>"; };
		BDCE52742C9E845900EFC859 /* EditExerciseView.swift */ = {isa = PBXFileReference; lastKnownFileType = sourcecode.swift; path = EditExerciseView.swift; sourceTree = "<group>"; };
		BDCE52762C9E846200EFC859 /* EditExerciseViewModel.swift */ = {isa = PBXFileReference; lastKnownFileType = sourcecode.swift; path = EditExerciseViewModel.swift; sourceTree = "<group>"; };
		BDF064502CA0EEF200EFEF72 /* TableStructs.swift */ = {isa = PBXFileReference; lastKnownFileType = sourcecode.swift; path = TableStructs.swift; sourceTree = "<group>"; };
		BDF064552CA0F83F00EFEF72 /* AuthenticationViewModel.swift */ = {isa = PBXFileReference; lastKnownFileType = sourcecode.swift; path = AuthenticationViewModel.swift; sourceTree = "<group>"; };
		BDF27E5D2CA881DA007FCEEF /* WorkoutTemplates.swift */ = {isa = PBXFileReference; lastKnownFileType = sourcecode.swift; path = WorkoutTemplates.swift; sourceTree = "<group>"; };
/* End PBXFileReference section */

/* Begin PBXFrameworksBuildPhase section */
		BD923AE52C91EF41003C3796 /* Frameworks */ = {
			isa = PBXFrameworksBuildPhase;
			buildActionMask = 2147483647;
			files = (
				BD923B312C921C41003C3796 /* FirebaseStorageCombine-Community in Frameworks */,
				BD923B292C921C41003C3796 /* FirebaseMessaging in Frameworks */,
				BD923B272C921C41003C3796 /* FirebaseMLModelDownloader in Frameworks */,
				BD923B0D2C921C41003C3796 /* FirebaseAppCheck in Frameworks */,
				BD923B112C921C41003C3796 /* FirebaseAuth in Frameworks */,
				BD94158F2C9F7581003C5045 /* Functions in Frameworks */,
				BD9415912C9F7581003C5045 /* PostgREST in Frameworks */,
				BD923B072C921C41003C3796 /* FirebaseAnalytics in Frameworks */,
				BDF064542CA0F2BF00EFEF72 /* Supabase in Frameworks */,
				BD923B0F2C921C41003C3796 /* FirebaseAppDistribution-Beta in Frameworks */,
				BD9415932C9F7581003C5045 /* Realtime in Frameworks */,
				BD923B0B2C921C41003C3796 /* FirebaseAnalyticsWithoutAdIdSupport in Frameworks */,
				BD923B152C921C41003C3796 /* FirebaseCrashlytics in Frameworks */,
				BD923B172C921C41003C3796 /* FirebaseDatabase in Frameworks */,
				BD923B212C921C41003C3796 /* FirebaseFunctionsCombine-Community in Frameworks */,
				BD923B132C921C41003C3796 /* FirebaseAuthCombine-Community in Frameworks */,
				BD923B2F2C921C41003C3796 /* FirebaseStorage in Frameworks */,
				BD9415952C9F7581003C5045 /* Storage in Frameworks */,
				BD923B092C921C41003C3796 /* FirebaseAnalyticsOnDeviceConversion in Frameworks */,
				BD94158D2C9F7581003C5045 /* Auth in Frameworks */,
				BD923B1F2C921C41003C3796 /* FirebaseFunctions in Frameworks */,
				BD923B252C921C41003C3796 /* FirebaseInstallations in Frameworks */,
				BD923B2B2C921C41003C3796 /* FirebasePerformance in Frameworks */,
				BD923B1D2C921C41003C3796 /* FirebaseFirestoreCombine-Community in Frameworks */,
				BD923B1B2C921C41003C3796 /* FirebaseFirestore in Frameworks */,
				BD923B192C921C41003C3796 /* FirebaseDynamicLinks in Frameworks */,
				BD923B232C921C41003C3796 /* FirebaseInAppMessaging-Beta in Frameworks */,
				BD923B332C921C41003C3796 /* FirebaseVertexAI-Preview in Frameworks */,
				BD923B2D2C921C41003C3796 /* FirebaseRemoteConfig in Frameworks */,
			);
			runOnlyForDeploymentPostprocessing = 0;
		};
/* End PBXFrameworksBuildPhase section */

/* Begin PBXGroup section */
		BD7061EB2CA6150B00A7E0E0 /* TabViews */ = {
			isa = PBXGroup;
			children = (
				BD7061DF2CA37C7900A7E0E0 /* ProgramView.swift */,
				BD7061E32CA60A1D00A7E0E0 /* WorkoutsView.swift */,
				BD7061E52CA60A2800A7E0E0 /* WeightsView.swift */,
				BD7061E72CA60A3600A7E0E0 /* SetsRepsView.swift */,
				BDF27E5D2CA881DA007FCEEF /* WorkoutTemplates.swift */,
			);
			name = TabViews;
			sourceTree = "<group>";
		};
		BD923ADF2C91EF41003C3796 = {
			isa = PBXGroup;
			children = (
				BD923AEA2C91EF41003C3796 /* flex_workout_app */,
				BD923AE92C91EF41003C3796 /* Products */,
				BDF064522CA0F2BF00EFEF72 /* Frameworks */,
			);
			sourceTree = "<group>";
		};
		BD923AE92C91EF41003C3796 /* Products */ = {
			isa = PBXGroup;
			children = (
				BD923AE82C91EF41003C3796 /* flex_workout_app.app */,
			);
			name = Products;
			sourceTree = "<group>";
		};
		BD923AEA2C91EF41003C3796 /* flex_workout_app */ = {
			isa = PBXGroup;
			children = (
				BD923B022C921788003C3796 /* Other */,
				BD923AFF2C921747003C3796 /* Models */,
				BD923B002C921756003C3796 /* ViewModels */,
				BD923B012C921769003C3796 /* Views */,
				BD923AF12C91EF42003C3796 /* Preview Content */,
			);
			path = flex_workout_app;
			sourceTree = "<group>";
		};
		BD923AF12C91EF42003C3796 /* Preview Content */ = {
			isa = PBXGroup;
			children = (
				BD923AF22C91EF42003C3796 /* Preview Assets.xcassets */,
			);
			path = "Preview Content";
			sourceTree = "<group>";
		};
		BD923AFF2C921747003C3796 /* Models */ = {
			isa = PBXGroup;
			children = (
				BD923B3A2C9225F7003C3796 /* User.swift */,
				BD923B602C93853D003C3796 /* DataTypes.swift */,
				BD923B622C938E1B003C3796 /* DefaultData.swift */,
				BDF064502CA0EEF200EFEF72 /* TableStructs.swift */,
				BD7061DD2CA37C1400A7E0E0 /* UserState.swift */,
			);
			path = Models;
			sourceTree = "<group>";
		};
		BD923B002C921756003C3796 /* ViewModels */ = {
			isa = PBXGroup;
			children = (
				BD923B3C2C922667003C3796 /* MainViewModel.swift */,
				BD923B3E2C9226BE003C3796 /* HomeViewModel.swift */,
				BD923B542C9262BB003C3796 /* InWorkoutViewModel.swift */,
				BDCE52762C9E846200EFC859 /* EditExerciseViewModel.swift */,
				BDF064552CA0F83F00EFEF72 /* AuthenticationViewModel.swift */,
			);
			path = ViewModels;
			sourceTree = "<group>";
		};
		BD923B012C921769003C3796 /* Views */ = {
			isa = PBXGroup;
			children = (
				BD923AED2C91EF41003C3796 /* MainView.swift */,
				BD923B382C9222F7003C3796 /* HomeView.swift */,
				BD923B402C9226D8003C3796 /* ProfileView.swift */,
				BD923B422C9226EE003C3796 /* LoginView.swift */,
				BD923B482C922F2F003C3796 /* RegisterView.swift */,
				BD923B502C9254AA003C3796 /* WorkoutCardView.swift */,
				BD923B522C9262AE003C3796 /* InWorkoutView.swift */,
				BD923B562C936914003C3796 /* SingleExerciseRowView.swift */,
				BDCE52742C9E845900EFC859 /* EditExerciseView.swift */,
				BD7061E12CA609E300A7E0E0 /* ProgramTabView.swift */,
				BD7061EB2CA6150B00A7E0E0 /* TabViews */,
				BD10EBD42CAB561F0015967F /* ErrorBanner.swift */,
			);
			path = Views;
			sourceTree = "<group>";
		};
		BD923B022C921788003C3796 /* Other */ = {
			isa = PBXGroup;
			children = (
				BD923AEB2C91EF41003C3796 /* flex_workout_appApp.swift */,
				BD923AEF2C91EF42003C3796 /* Assets.xcassets */,
				BD923B462C9228B0003C3796 /* Helper.swift */,
				BD9415962C9F7D38003C5045 /* Secrets.swift */,
			);
			path = Other;
			sourceTree = "<group>";
		};
		BDF064522CA0F2BF00EFEF72 /* Frameworks */ = {
			isa = PBXGroup;
			children = (
			);
			name = Frameworks;
			sourceTree = "<group>";
		};
/* End PBXGroup section */

/* Begin PBXNativeTarget section */
		BD923AE72C91EF41003C3796 /* flex_workout_app */ = {
			isa = PBXNativeTarget;
			buildConfigurationList = BD923AF62C91EF42003C3796 /* Build configuration list for PBXNativeTarget "flex_workout_app" */;
			buildPhases = (
				BD923AE42C91EF41003C3796 /* Sources */,
				BD923AE52C91EF41003C3796 /* Frameworks */,
				BD923AE62C91EF41003C3796 /* Resources */,
			);
			buildRules = (
			);
			dependencies = (
			);
			name = flex_workout_app;
			packageProductDependencies = (
				BD923B062C921C41003C3796 /* FirebaseAnalytics */,
				BD923B082C921C41003C3796 /* FirebaseAnalyticsOnDeviceConversion */,
				BD923B0A2C921C41003C3796 /* FirebaseAnalyticsWithoutAdIdSupport */,
				BD923B0C2C921C41003C3796 /* FirebaseAppCheck */,
				BD923B0E2C921C41003C3796 /* FirebaseAppDistribution-Beta */,
				BD923B102C921C41003C3796 /* FirebaseAuth */,
				BD923B122C921C41003C3796 /* FirebaseAuthCombine-Community */,
				BD923B142C921C41003C3796 /* FirebaseCrashlytics */,
				BD923B162C921C41003C3796 /* FirebaseDatabase */,
				BD923B182C921C41003C3796 /* FirebaseDynamicLinks */,
				BD923B1A2C921C41003C3796 /* FirebaseFirestore */,
				BD923B1C2C921C41003C3796 /* FirebaseFirestoreCombine-Community */,
				BD923B1E2C921C41003C3796 /* FirebaseFunctions */,
				BD923B202C921C41003C3796 /* FirebaseFunctionsCombine-Community */,
				BD923B222C921C41003C3796 /* FirebaseInAppMessaging-Beta */,
				BD923B242C921C41003C3796 /* FirebaseInstallations */,
				BD923B262C921C41003C3796 /* FirebaseMLModelDownloader */,
				BD923B282C921C41003C3796 /* FirebaseMessaging */,
				BD923B2A2C921C41003C3796 /* FirebasePerformance */,
				BD923B2C2C921C41003C3796 /* FirebaseRemoteConfig */,
				BD923B2E2C921C41003C3796 /* FirebaseStorage */,
				BD923B302C921C41003C3796 /* FirebaseStorageCombine-Community */,
				BD923B322C921C41003C3796 /* FirebaseVertexAI-Preview */,
				BD94158C2C9F7581003C5045 /* Auth */,
				BD94158E2C9F7581003C5045 /* Functions */,
				BD9415902C9F7581003C5045 /* PostgREST */,
				BD9415922C9F7581003C5045 /* Realtime */,
				BD9415942C9F7581003C5045 /* Storage */,
				BDF064532CA0F2BF00EFEF72 /* Supabase */,
			);
			productName = flex_workout_app;
			productReference = BD923AE82C91EF41003C3796 /* flex_workout_app.app */;
			productType = "com.apple.product-type.application";
		};
/* End PBXNativeTarget section */

/* Begin PBXProject section */
		BD923AE02C91EF41003C3796 /* Project object */ = {
			isa = PBXProject;
			attributes = {
				BuildIndependentTargetsInParallel = 1;
				LastSwiftUpdateCheck = 1520;
				LastUpgradeCheck = 1520;
				TargetAttributes = {
					BD923AE72C91EF41003C3796 = {
						CreatedOnToolsVersion = 15.2;
					};
				};
			};
			buildConfigurationList = BD923AE32C91EF41003C3796 /* Build configuration list for PBXProject "flex_workout_app" */;
			compatibilityVersion = "Xcode 14.0";
			developmentRegion = en;
			hasScannedForEncodings = 0;
			knownRegions = (
				en,
				Base,
			);
			mainGroup = BD923ADF2C91EF41003C3796;
			packageReferences = (
				BD923B052C921C41003C3796 /* XCRemoteSwiftPackageReference "firebase-ios-sdk" */,
				BD94158B2C9F7581003C5045 /* XCRemoteSwiftPackageReference "supabase-swift" */,
			);
			productRefGroup = BD923AE92C91EF41003C3796 /* Products */;
			projectDirPath = "";
			projectRoot = "";
			targets = (
				BD923AE72C91EF41003C3796 /* flex_workout_app */,
			);
		};
/* End PBXProject section */

/* Begin PBXResourcesBuildPhase section */
		BD923AE62C91EF41003C3796 /* Resources */ = {
			isa = PBXResourcesBuildPhase;
			buildActionMask = 2147483647;
			files = (
				BD923AF32C91EF42003C3796 /* Preview Assets.xcassets in Resources */,
				BD923AF02C91EF42003C3796 /* Assets.xcassets in Resources */,
			);
			runOnlyForDeploymentPostprocessing = 0;
		};
/* End PBXResourcesBuildPhase section */

/* Begin PBXSourcesBuildPhase section */
		BD923AE42C91EF41003C3796 /* Sources */ = {
			isa = PBXSourcesBuildPhase;
			buildActionMask = 2147483647;
			files = (
				BD923B492C922F2F003C3796 /* RegisterView.swift in Sources */,
				BDF27E5E2CA881DA007FCEEF /* WorkoutTemplates.swift in Sources */,
				BD923AEE2C91EF41003C3796 /* MainView.swift in Sources */,
				BD923B512C9254AA003C3796 /* WorkoutCardView.swift in Sources */,
				BD923B3F2C9226BE003C3796 /* HomeViewModel.swift in Sources */,
				BD923B3B2C9225F7003C3796 /* User.swift in Sources */,
				BD7061E62CA60A2800A7E0E0 /* WeightsView.swift in Sources */,
				BD7061E22CA609E300A7E0E0 /* ProgramTabView.swift in Sources */,
				BDF064562CA0F83F00EFEF72 /* AuthenticationViewModel.swift in Sources */,
				BD923B392C9222F7003C3796 /* HomeView.swift in Sources */,
				BDCE52772C9E846200EFC859 /* EditExerciseViewModel.swift in Sources */,
				BD923AEC2C91EF41003C3796 /* flex_workout_appApp.swift in Sources */,
				BD10EBD52CAB561F0015967F /* ErrorBanner.swift in Sources */,
				BD923B412C9226D8003C3796 /* ProfileView.swift in Sources */,
				BD7061E02CA37C7900A7E0E0 /* ProgramView.swift in Sources */,
				BD923B572C936914003C3796 /* SingleExerciseRowView.swift in Sources */,
				BDF064512CA0EEF200EFEF72 /* TableStructs.swift in Sources */,
				BD923B532C9262AE003C3796 /* InWorkoutView.swift in Sources */,
				BD7061E82CA60A3600A7E0E0 /* SetsRepsView.swift in Sources */,
				BD923B632C938E1B003C3796 /* DefaultData.swift in Sources */,
				BD923B432C9226EE003C3796 /* LoginView.swift in Sources */,
				BD9415972C9F7D38003C5045 /* Secrets.swift in Sources */,
				BD923B552C9262BB003C3796 /* InWorkoutViewModel.swift in Sources */,
				BD923B472C9228B0003C3796 /* Helper.swift in Sources */,
				BD923B3D2C922667003C3796 /* MainViewModel.swift in Sources */,
				BD7061E42CA60A1D00A7E0E0 /* WorkoutsView.swift in Sources */,
				BDCE52752C9E845900EFC859 /* EditExerciseView.swift in Sources */,
				BD7061DE2CA37C1400A7E0E0 /* UserState.swift in Sources */,
				BD923B612C93853D003C3796 /* DataTypes.swift in Sources */,
			);
			runOnlyForDeploymentPostprocessing = 0;
		};
/* End PBXSourcesBuildPhase section */

/* Begin XCBuildConfiguration section */
		BD923AF42C91EF42003C3796 /* Debug */ = {
			isa = XCBuildConfiguration;
			buildSettings = {
				ALWAYS_SEARCH_USER_PATHS = NO;
				ASSETCATALOG_COMPILER_GENERATE_SWIFT_ASSET_SYMBOL_EXTENSIONS = YES;
				CLANG_ANALYZER_NONNULL = YES;
				CLANG_ANALYZER_NUMBER_OBJECT_CONVERSION = YES_AGGRESSIVE;
				CLANG_CXX_LANGUAGE_STANDARD = "gnu++20";
				CLANG_ENABLE_MODULES = YES;
				CLANG_ENABLE_OBJC_ARC = YES;
				CLANG_ENABLE_OBJC_WEAK = YES;
				CLANG_WARN_BLOCK_CAPTURE_AUTORELEASING = YES;
				CLANG_WARN_BOOL_CONVERSION = YES;
				CLANG_WARN_COMMA = YES;
				CLANG_WARN_CONSTANT_CONVERSION = YES;
				CLANG_WARN_DEPRECATED_OBJC_IMPLEMENTATIONS = YES;
				CLANG_WARN_DIRECT_OBJC_ISA_USAGE = YES_ERROR;
				CLANG_WARN_DOCUMENTATION_COMMENTS = YES;
				CLANG_WARN_EMPTY_BODY = YES;
				CLANG_WARN_ENUM_CONVERSION = YES;
				CLANG_WARN_INFINITE_RECURSION = YES;
				CLANG_WARN_INT_CONVERSION = YES;
				CLANG_WARN_NON_LITERAL_NULL_CONVERSION = YES;
				CLANG_WARN_OBJC_IMPLICIT_RETAIN_SELF = YES;
				CLANG_WARN_OBJC_LITERAL_CONVERSION = YES;
				CLANG_WARN_OBJC_ROOT_CLASS = YES_ERROR;
				CLANG_WARN_QUOTED_INCLUDE_IN_FRAMEWORK_HEADER = YES;
				CLANG_WARN_RANGE_LOOP_ANALYSIS = YES;
				CLANG_WARN_STRICT_PROTOTYPES = YES;
				CLANG_WARN_SUSPICIOUS_MOVE = YES;
				CLANG_WARN_UNGUARDED_AVAILABILITY = YES_AGGRESSIVE;
				CLANG_WARN_UNREACHABLE_CODE = YES;
				CLANG_WARN__DUPLICATE_METHOD_MATCH = YES;
				COPY_PHASE_STRIP = NO;
				DEBUG_INFORMATION_FORMAT = dwarf;
				ENABLE_STRICT_OBJC_MSGSEND = YES;
				ENABLE_TESTABILITY = YES;
				ENABLE_USER_SCRIPT_SANDBOXING = YES;
				GCC_C_LANGUAGE_STANDARD = gnu17;
				GCC_DYNAMIC_NO_PIC = NO;
				GCC_NO_COMMON_BLOCKS = YES;
				GCC_OPTIMIZATION_LEVEL = 0;
				GCC_PREPROCESSOR_DEFINITIONS = (
					"DEBUG=1",
					"$(inherited)",
				);
				GCC_WARN_64_TO_32_BIT_CONVERSION = YES;
				GCC_WARN_ABOUT_RETURN_TYPE = YES_ERROR;
				GCC_WARN_UNDECLARED_SELECTOR = YES;
				GCC_WARN_UNINITIALIZED_AUTOS = YES_AGGRESSIVE;
				GCC_WARN_UNUSED_FUNCTION = YES;
				GCC_WARN_UNUSED_VARIABLE = YES;
				IPHONEOS_DEPLOYMENT_TARGET = 17.2;
				LOCALIZATION_PREFERS_STRING_CATALOGS = YES;
				MTL_ENABLE_DEBUG_INFO = INCLUDE_SOURCE;
				MTL_FAST_MATH = YES;
				ONLY_ACTIVE_ARCH = YES;
				SDKROOT = iphoneos;
				SWIFT_ACTIVE_COMPILATION_CONDITIONS = "DEBUG $(inherited)";
				SWIFT_OPTIMIZATION_LEVEL = "-Onone";
			};
			name = Debug;
		};
		BD923AF52C91EF42003C3796 /* Release */ = {
			isa = XCBuildConfiguration;
			buildSettings = {
				ALWAYS_SEARCH_USER_PATHS = NO;
				ASSETCATALOG_COMPILER_GENERATE_SWIFT_ASSET_SYMBOL_EXTENSIONS = YES;
				CLANG_ANALYZER_NONNULL = YES;
				CLANG_ANALYZER_NUMBER_OBJECT_CONVERSION = YES_AGGRESSIVE;
				CLANG_CXX_LANGUAGE_STANDARD = "gnu++20";
				CLANG_ENABLE_MODULES = YES;
				CLANG_ENABLE_OBJC_ARC = YES;
				CLANG_ENABLE_OBJC_WEAK = YES;
				CLANG_WARN_BLOCK_CAPTURE_AUTORELEASING = YES;
				CLANG_WARN_BOOL_CONVERSION = YES;
				CLANG_WARN_COMMA = YES;
				CLANG_WARN_CONSTANT_CONVERSION = YES;
				CLANG_WARN_DEPRECATED_OBJC_IMPLEMENTATIONS = YES;
				CLANG_WARN_DIRECT_OBJC_ISA_USAGE = YES_ERROR;
				CLANG_WARN_DOCUMENTATION_COMMENTS = YES;
				CLANG_WARN_EMPTY_BODY = YES;
				CLANG_WARN_ENUM_CONVERSION = YES;
				CLANG_WARN_INFINITE_RECURSION = YES;
				CLANG_WARN_INT_CONVERSION = YES;
				CLANG_WARN_NON_LITERAL_NULL_CONVERSION = YES;
				CLANG_WARN_OBJC_IMPLICIT_RETAIN_SELF = YES;
				CLANG_WARN_OBJC_LITERAL_CONVERSION = YES;
				CLANG_WARN_OBJC_ROOT_CLASS = YES_ERROR;
				CLANG_WARN_QUOTED_INCLUDE_IN_FRAMEWORK_HEADER = YES;
				CLANG_WARN_RANGE_LOOP_ANALYSIS = YES;
				CLANG_WARN_STRICT_PROTOTYPES = YES;
				CLANG_WARN_SUSPICIOUS_MOVE = YES;
				CLANG_WARN_UNGUARDED_AVAILABILITY = YES_AGGRESSIVE;
				CLANG_WARN_UNREACHABLE_CODE = YES;
				CLANG_WARN__DUPLICATE_METHOD_MATCH = YES;
				COPY_PHASE_STRIP = NO;
				DEBUG_INFORMATION_FORMAT = "dwarf-with-dsym";
				ENABLE_NS_ASSERTIONS = NO;
				ENABLE_STRICT_OBJC_MSGSEND = YES;
				ENABLE_USER_SCRIPT_SANDBOXING = YES;
				GCC_C_LANGUAGE_STANDARD = gnu17;
				GCC_NO_COMMON_BLOCKS = YES;
				GCC_WARN_64_TO_32_BIT_CONVERSION = YES;
				GCC_WARN_ABOUT_RETURN_TYPE = YES_ERROR;
				GCC_WARN_UNDECLARED_SELECTOR = YES;
				GCC_WARN_UNINITIALIZED_AUTOS = YES_AGGRESSIVE;
				GCC_WARN_UNUSED_FUNCTION = YES;
				GCC_WARN_UNUSED_VARIABLE = YES;
				IPHONEOS_DEPLOYMENT_TARGET = 17.2;
				LOCALIZATION_PREFERS_STRING_CATALOGS = YES;
				MTL_ENABLE_DEBUG_INFO = NO;
				MTL_FAST_MATH = YES;
				SDKROOT = iphoneos;
				SWIFT_COMPILATION_MODE = wholemodule;
				VALIDATE_PRODUCT = YES;
			};
			name = Release;
		};
		BD923AF72C91EF42003C3796 /* Debug */ = {
			isa = XCBuildConfiguration;
			buildSettings = {
				ASSETCATALOG_COMPILER_APPICON_NAME = AppIcon;
				ASSETCATALOG_COMPILER_GLOBAL_ACCENT_COLOR_NAME = AccentColor;
				CODE_SIGN_STYLE = Automatic;
				CURRENT_PROJECT_VERSION = 1;
				DEVELOPMENT_ASSET_PATHS = "\"flex_workout_app/Preview Content\"";
				DEVELOPMENT_TEAM = F4AL6RPBYK;
				ENABLE_PREVIEWS = YES;
				GENERATE_INFOPLIST_FILE = YES;
				INFOPLIST_KEY_UIApplicationSceneManifest_Generation = YES;
				INFOPLIST_KEY_UIApplicationSupportsIndirectInputEvents = YES;
				INFOPLIST_KEY_UILaunchScreen_Generation = YES;
				INFOPLIST_KEY_UISupportedInterfaceOrientations_iPad = "UIInterfaceOrientationPortrait UIInterfaceOrientationPortraitUpsideDown UIInterfaceOrientationLandscapeLeft UIInterfaceOrientationLandscapeRight";
				INFOPLIST_KEY_UISupportedInterfaceOrientations_iPhone = "UIInterfaceOrientationPortrait UIInterfaceOrientationLandscapeLeft UIInterfaceOrientationLandscapeRight";
				LD_RUNPATH_SEARCH_PATHS = (
					"$(inherited)",
					"@executable_path/Frameworks",
				);
				MARKETING_VERSION = 1.0;
				PRODUCT_BUNDLE_IDENTIFIER = "achen.flex-workout-app";
				PRODUCT_NAME = "$(TARGET_NAME)";
				SWIFT_EMIT_LOC_STRINGS = YES;
				SWIFT_VERSION = 5.0;
				TARGETED_DEVICE_FAMILY = "1,2";
			};
			name = Debug;
		};
		BD923AF82C91EF42003C3796 /* Release */ = {
			isa = XCBuildConfiguration;
			buildSettings = {
				ASSETCATALOG_COMPILER_APPICON_NAME = AppIcon;
				ASSETCATALOG_COMPILER_GLOBAL_ACCENT_COLOR_NAME = AccentColor;
				CODE_SIGN_STYLE = Automatic;
				CURRENT_PROJECT_VERSION = 1;
				DEVELOPMENT_ASSET_PATHS = "\"flex_workout_app/Preview Content\"";
				DEVELOPMENT_TEAM = F4AL6RPBYK;
				ENABLE_PREVIEWS = YES;
				GENERATE_INFOPLIST_FILE = YES;
				INFOPLIST_KEY_UIApplicationSceneManifest_Generation = YES;
				INFOPLIST_KEY_UIApplicationSupportsIndirectInputEvents = YES;
				INFOPLIST_KEY_UILaunchScreen_Generation = YES;
				INFOPLIST_KEY_UISupportedInterfaceOrientations_iPad = "UIInterfaceOrientationPortrait UIInterfaceOrientationPortraitUpsideDown UIInterfaceOrientationLandscapeLeft UIInterfaceOrientationLandscapeRight";
				INFOPLIST_KEY_UISupportedInterfaceOrientations_iPhone = "UIInterfaceOrientationPortrait UIInterfaceOrientationLandscapeLeft UIInterfaceOrientationLandscapeRight";
				LD_RUNPATH_SEARCH_PATHS = (
					"$(inherited)",
					"@executable_path/Frameworks",
				);
				MARKETING_VERSION = 1.0;
				PRODUCT_BUNDLE_IDENTIFIER = "achen.flex-workout-app";
				PRODUCT_NAME = "$(TARGET_NAME)";
				SWIFT_EMIT_LOC_STRINGS = YES;
				SWIFT_VERSION = 5.0;
				TARGETED_DEVICE_FAMILY = "1,2";
			};
			name = Release;
		};
/* End XCBuildConfiguration section */

/* Begin XCConfigurationList section */
		BD923AE32C91EF41003C3796 /* Build configuration list for PBXProject "flex_workout_app" */ = {
			isa = XCConfigurationList;
			buildConfigurations = (
				BD923AF42C91EF42003C3796 /* Debug */,
				BD923AF52C91EF42003C3796 /* Release */,
			);
			defaultConfigurationIsVisible = 0;
			defaultConfigurationName = Release;
		};
		BD923AF62C91EF42003C3796 /* Build configuration list for PBXNativeTarget "flex_workout_app" */ = {
			isa = XCConfigurationList;
			buildConfigurations = (
				BD923AF72C91EF42003C3796 /* Debug */,
				BD923AF82C91EF42003C3796 /* Release */,
			);
			defaultConfigurationIsVisible = 0;
			defaultConfigurationName = Release;
		};
/* End XCConfigurationList section */

/* Begin XCRemoteSwiftPackageReference section */
		BD923B052C921C41003C3796 /* XCRemoteSwiftPackageReference "firebase-ios-sdk" */ = {
			isa = XCRemoteSwiftPackageReference;
			repositoryURL = "https://github.com/firebase/firebase-ios-sdk";
			requirement = {
				kind = upToNextMajorVersion;
				minimumVersion = 11.2.0;
			};
		};
		BD94158B2C9F7581003C5045 /* XCRemoteSwiftPackageReference "supabase-swift" */ = {
			isa = XCRemoteSwiftPackageReference;
			repositoryURL = "https://github.com/supabase-community/supabase-swift.git";
			requirement = {
				kind = upToNextMajorVersion;
				minimumVersion = 2.5.1;
			};
		};
/* End XCRemoteSwiftPackageReference section */

/* Begin XCSwiftPackageProductDependency section */
		BD923B062C921C41003C3796 /* FirebaseAnalytics */ = {
			isa = XCSwiftPackageProductDependency;
			package = BD923B052C921C41003C3796 /* XCRemoteSwiftPackageReference "firebase-ios-sdk" */;
			productName = FirebaseAnalytics;
		};
		BD923B082C921C41003C3796 /* FirebaseAnalyticsOnDeviceConversion */ = {
			isa = XCSwiftPackageProductDependency;
			package = BD923B052C921C41003C3796 /* XCRemoteSwiftPackageReference "firebase-ios-sdk" */;
			productName = FirebaseAnalyticsOnDeviceConversion;
		};
		BD923B0A2C921C41003C3796 /* FirebaseAnalyticsWithoutAdIdSupport */ = {
			isa = XCSwiftPackageProductDependency;
			package = BD923B052C921C41003C3796 /* XCRemoteSwiftPackageReference "firebase-ios-sdk" */;
			productName = FirebaseAnalyticsWithoutAdIdSupport;
		};
		BD923B0C2C921C41003C3796 /* FirebaseAppCheck */ = {
			isa = XCSwiftPackageProductDependency;
			package = BD923B052C921C41003C3796 /* XCRemoteSwiftPackageReference "firebase-ios-sdk" */;
			productName = FirebaseAppCheck;
		};
		BD923B0E2C921C41003C3796 /* FirebaseAppDistribution-Beta */ = {
			isa = XCSwiftPackageProductDependency;
			package = BD923B052C921C41003C3796 /* XCRemoteSwiftPackageReference "firebase-ios-sdk" */;
			productName = "FirebaseAppDistribution-Beta";
		};
		BD923B102C921C41003C3796 /* FirebaseAuth */ = {
			isa = XCSwiftPackageProductDependency;
			package = BD923B052C921C41003C3796 /* XCRemoteSwiftPackageReference "firebase-ios-sdk" */;
			productName = FirebaseAuth;
		};
		BD923B122C921C41003C3796 /* FirebaseAuthCombine-Community */ = {
			isa = XCSwiftPackageProductDependency;
			package = BD923B052C921C41003C3796 /* XCRemoteSwiftPackageReference "firebase-ios-sdk" */;
			productName = "FirebaseAuthCombine-Community";
		};
		BD923B142C921C41003C3796 /* FirebaseCrashlytics */ = {
			isa = XCSwiftPackageProductDependency;
			package = BD923B052C921C41003C3796 /* XCRemoteSwiftPackageReference "firebase-ios-sdk" */;
			productName = FirebaseCrashlytics;
		};
		BD923B162C921C41003C3796 /* FirebaseDatabase */ = {
			isa = XCSwiftPackageProductDependency;
			package = BD923B052C921C41003C3796 /* XCRemoteSwiftPackageReference "firebase-ios-sdk" */;
			productName = FirebaseDatabase;
		};
		BD923B182C921C41003C3796 /* FirebaseDynamicLinks */ = {
			isa = XCSwiftPackageProductDependency;
			package = BD923B052C921C41003C3796 /* XCRemoteSwiftPackageReference "firebase-ios-sdk" */;
			productName = FirebaseDynamicLinks;
		};
		BD923B1A2C921C41003C3796 /* FirebaseFirestore */ = {
			isa = XCSwiftPackageProductDependency;
			package = BD923B052C921C41003C3796 /* XCRemoteSwiftPackageReference "firebase-ios-sdk" */;
			productName = FirebaseFirestore;
		};
		BD923B1C2C921C41003C3796 /* FirebaseFirestoreCombine-Community */ = {
			isa = XCSwiftPackageProductDependency;
			package = BD923B052C921C41003C3796 /* XCRemoteSwiftPackageReference "firebase-ios-sdk" */;
			productName = "FirebaseFirestoreCombine-Community";
		};
		BD923B1E2C921C41003C3796 /* FirebaseFunctions */ = {
			isa = XCSwiftPackageProductDependency;
			package = BD923B052C921C41003C3796 /* XCRemoteSwiftPackageReference "firebase-ios-sdk" */;
			productName = FirebaseFunctions;
		};
		BD923B202C921C41003C3796 /* FirebaseFunctionsCombine-Community */ = {
			isa = XCSwiftPackageProductDependency;
			package = BD923B052C921C41003C3796 /* XCRemoteSwiftPackageReference "firebase-ios-sdk" */;
			productName = "FirebaseFunctionsCombine-Community";
		};
		BD923B222C921C41003C3796 /* FirebaseInAppMessaging-Beta */ = {
			isa = XCSwiftPackageProductDependency;
			package = BD923B052C921C41003C3796 /* XCRemoteSwiftPackageReference "firebase-ios-sdk" */;
			productName = "FirebaseInAppMessaging-Beta";
		};
		BD923B242C921C41003C3796 /* FirebaseInstallations */ = {
			isa = XCSwiftPackageProductDependency;
			package = BD923B052C921C41003C3796 /* XCRemoteSwiftPackageReference "firebase-ios-sdk" */;
			productName = FirebaseInstallations;
		};
		BD923B262C921C41003C3796 /* FirebaseMLModelDownloader */ = {
			isa = XCSwiftPackageProductDependency;
			package = BD923B052C921C41003C3796 /* XCRemoteSwiftPackageReference "firebase-ios-sdk" */;
			productName = FirebaseMLModelDownloader;
		};
		BD923B282C921C41003C3796 /* FirebaseMessaging */ = {
			isa = XCSwiftPackageProductDependency;
			package = BD923B052C921C41003C3796 /* XCRemoteSwiftPackageReference "firebase-ios-sdk" */;
			productName = FirebaseMessaging;
		};
		BD923B2A2C921C41003C3796 /* FirebasePerformance */ = {
			isa = XCSwiftPackageProductDependency;
			package = BD923B052C921C41003C3796 /* XCRemoteSwiftPackageReference "firebase-ios-sdk" */;
			productName = FirebasePerformance;
		};
		BD923B2C2C921C41003C3796 /* FirebaseRemoteConfig */ = {
			isa = XCSwiftPackageProductDependency;
			package = BD923B052C921C41003C3796 /* XCRemoteSwiftPackageReference "firebase-ios-sdk" */;
			productName = FirebaseRemoteConfig;
		};
		BD923B2E2C921C41003C3796 /* FirebaseStorage */ = {
			isa = XCSwiftPackageProductDependency;
			package = BD923B052C921C41003C3796 /* XCRemoteSwiftPackageReference "firebase-ios-sdk" */;
			productName = FirebaseStorage;
		};
		BD923B302C921C41003C3796 /* FirebaseStorageCombine-Community */ = {
			isa = XCSwiftPackageProductDependency;
			package = BD923B052C921C41003C3796 /* XCRemoteSwiftPackageReference "firebase-ios-sdk" */;
			productName = "FirebaseStorageCombine-Community";
		};
		BD923B322C921C41003C3796 /* FirebaseVertexAI-Preview */ = {
			isa = XCSwiftPackageProductDependency;
			package = BD923B052C921C41003C3796 /* XCRemoteSwiftPackageReference "firebase-ios-sdk" */;
			productName = "FirebaseVertexAI-Preview";
		};
		BD94158C2C9F7581003C5045 /* Auth */ = {
			isa = XCSwiftPackageProductDependency;
			package = BD94158B2C9F7581003C5045 /* XCRemoteSwiftPackageReference "supabase-swift" */;
			productName = Auth;
		};
		BD94158E2C9F7581003C5045 /* Functions */ = {
			isa = XCSwiftPackageProductDependency;
			package = BD94158B2C9F7581003C5045 /* XCRemoteSwiftPackageReference "supabase-swift" */;
			productName = Functions;
		};
		BD9415902C9F7581003C5045 /* PostgREST */ = {
			isa = XCSwiftPackageProductDependency;
			package = BD94158B2C9F7581003C5045 /* XCRemoteSwiftPackageReference "supabase-swift" */;
			productName = PostgREST;
		};
		BD9415922C9F7581003C5045 /* Realtime */ = {
			isa = XCSwiftPackageProductDependency;
			package = BD94158B2C9F7581003C5045 /* XCRemoteSwiftPackageReference "supabase-swift" */;
			productName = Realtime;
		};
		BD9415942C9F7581003C5045 /* Storage */ = {
			isa = XCSwiftPackageProductDependency;
			package = BD94158B2C9F7581003C5045 /* XCRemoteSwiftPackageReference "supabase-swift" */;
			productName = Storage;
		};
		BDF064532CA0F2BF00EFEF72 /* Supabase */ = {
			isa = XCSwiftPackageProductDependency;
			package = BD94158B2C9F7581003C5045 /* XCRemoteSwiftPackageReference "supabase-swift" */;
			productName = Supabase;
		};
/* End XCSwiftPackageProductDependency section */
	};
	rootObject = BD923AE02C91EF41003C3796 /* Project object */;
}
